GEM
  remote: http://rubygems.org/
  specs:
    crack (0.1.8)
    curb (0.7.7.1)
    diff-lcs (1.1.2)
    gemcutter (0.6.1)
    git (1.2.5)
    jeweler (1.4.0)
      gemcutter (>= 0.1.0)
      git (>= 1.2.5)
      rubyforge (>= 2.0.0)
    json_pure (1.4.3)
    looksee (0.2.1)
    rake (0.8.7)
    rspec (2.0.0.beta.19)
      rspec-core (= 2.0.0.beta.19)
      rspec-expectations (= 2.0.0.beta.19)
      rspec-mocks (= 2.0.0.beta.19)
    rspec-core (2.0.0.beta.19)
    rspec-expectations (2.0.0.beta.19)
      diff-lcs (>= 1.1.2)
    rspec-mocks (2.0.0.beta.19)
    rubyforge (2.0.4)
      json_pure (>= 1.1.7)
    wirble (0.1.3)

PLATFORMS
  ruby

DEPENDENCIES
  bundler (~> 1.0.0.rc.1)
  crack
  curb
  jeweler
  looksee
  rake
  rspec (~> 2.0.0.beta.19)
  wirble
